
Microsoft Visual Studio Solution File, Format Version 12.00
Project("{FAE04EC0-301F-11D3-BF4B-00C04F79EFBC}") = "apprenticeship-project", "apprenticeship-project\apprenticeship-project.csproj", "{23C63CD5-B130-4575-8B9D-466221C88062}"
EndProject
Global
	GlobalSection(SolutionConfigurationPlatforms) = preSolution
		Debug|Any CPU = Debug|Any CPU
		Release|Any CPU = Release|Any CPU
	EndGlobalSection
	GlobalSection(ProjectConfigurationPlatforms) = postSolution
		{23C63CD5-B130-4575-8B9D-466221C88062}.Debug|Any CPU.ActiveCfg = Debug|Any CPU
		{23C63CD5-B130-4575-8B9D-466221C88062}.Debug|Any CPU.Build.0 = Debug|Any CPU
		{23C63CD5-B130-4575-8B9D-466221C88062}.Release|Any CPU.ActiveCfg = Release|Any CPU
		{23C63CD5-B130-4575-8B9D-466221C88062}.Release|Any CPU.Build.0 = Release|Any CPU
	EndGlobalSection
EndGlobal
